
Microsoft Visual Studio Solution File, Format Version 12.00
Project("{2150E333-8FDC-42A3-9474-1A3956D46DE8}") = "src", "src", "{A4AAAA7B-15E3-4563-B058-377787793D13}"
EndProject
Project("{FAE04EC0-301F-11D3-BF4B-00C04F79EFBC}") = "BlazorDesktop", "src\BlazorDesktop\BlazorDesktop.csproj", "{E5E66642-80C7-475C-A22A-BD1B4457BDE6}"
EndProject
Project("{FAE04EC0-301F-11D3-BF4B-00C04F79EFBC}") = "RazorClassLibrary", "src\RazorClassLibrary\RazorClassLibrary.csproj", "{2864BD8B-F95E-4813-BAAC-4C16B8C10384}"
EndProject
Global
	GlobalSection(SolutionConfigurationPlatforms) = preSolution
		Debug|Any CPU = Debug|Any CPU
		Release|Any CPU = Release|Any CPU
	EndGlobalSection
	GlobalSection(ProjectConfigurationPlatforms) = postSolution
		{E5E66642-80C7-475C-A22A-BD1B4457BDE6}.Debug|Any CPU.ActiveCfg = Debug|Any CPU
		{E5E66642-80C7-475C-A22A-BD1B4457BDE6}.Debug|Any CPU.Build.0 = Debug|Any CPU
		{E5E66642-80C7-475C-A22A-BD1B4457BDE6}.Release|Any CPU.ActiveCfg = Release|Any CPU
		{E5E66642-80C7-475C-A22A-BD1B4457BDE6}.Release|Any CPU.Build.0 = Release|Any CPU
		{2864BD8B-F95E-4813-BAAC-4C16B8C10384}.Debug|Any CPU.ActiveCfg = Debug|Any CPU
		{2864BD8B-F95E-4813-BAAC-4C16B8C10384}.Debug|Any CPU.Build.0 = Debug|Any CPU
		{2864BD8B-F95E-4813-BAAC-4C16B8C10384}.Release|Any CPU.ActiveCfg = Release|Any CPU
		{2864BD8B-F95E-4813-BAAC-4C16B8C10384}.Release|Any CPU.Build.0 = Release|Any CPU
	EndGlobalSection
	GlobalSection(NestedProjects) = preSolution
		{E5E66642-80C7-475C-A22A-BD1B4457BDE6} = {A4AAAA7B-15E3-4563-B058-377787793D13}
		{2864BD8B-F95E-4813-BAAC-4C16B8C10384} = {A4AAAA7B-15E3-4563-B058-377787793D13}
	EndGlobalSection
EndGlobal
